
Microsoft Visual Studio Solution File, Format Version 12.00
# Visual Studio 15
VisualStudioVersion = 15.0.27428.1
MinimumVisualStudioVersion = 10.0.40219.1
Project("{FAE04EC0-301F-11D3-BF4B-00C04F79EFBC}") = "курсоваа(", "курсоваа(\курсоваа(.csproj", "{890FA0BA-E193-4407-856D-CA6BBCC43377}"
EndProject
Global
	GlobalSection(SolutionConfigurationPlatforms) = preSolution
		Debug|Any CPU = Debug|Any CPU
		Release|Any CPU = Release|Any CPU
	EndGlobalSection
	GlobalSection(ProjectConfigurationPlatforms) = postSolution
		{890FA0BA-E193-4407-856D-CA6BBCC43377}.Debug|Any CPU.ActiveCfg = Debug|Any CPU
		{890FA0BA-E193-4407-856D-CA6BBCC43377}.Debug|Any CPU.Build.0 = Debug|Any CPU
		{890FA0BA-E193-4407-856D-CA6BBCC43377}.Release|Any CPU.ActiveCfg = Release|Any CPU
		{890FA0BA-E193-4407-856D-CA6BBCC43377}.Release|Any CPU.Build.0 = Release|Any CPU
	EndGlobalSection
	GlobalSection(SolutionProperties) = preSolution
		HideSolutionNode = FALSE
	EndGlobalSection
	GlobalSection(ExtensibilityGlobals) = postSolution
		SolutionGuid = {4D2204C0-6317-4536-BFEE-81D501904646}
	EndGlobalSection
EndGlobal
